
Microsoft Visual Studio Solution File, Format Version 12.00
Project("{FAE04EC0-301F-11D3-BF4B-00C04F79EFBC}") = "Airport.API", "src\Airport.API\Airport.API.csproj", "{21E3A8C3-900E-4EAC-B115-0C7CFD189CFE}"
EndProject
Project("{FAE04EC0-301F-11D3-BF4B-00C04F79EFBC}") = "Airport.Application", "src\Airport.Application\Airport.Application.csproj", "{F3D24458-EA24-4627-8890-2B9C9AA60620}"
EndProject
Project("{FAE04EC0-301F-11D3-BF4B-00C04F79EFBC}") = "Airport.Contracts", "src\Airport.Contracts\Airport.Contracts.csproj", "{C5D760BB-B423-4D55-9196-B0F55E3F0E7D}"
EndProject
Project("{FAE04EC0-301F-11D3-BF4B-00C04F79EFBC}") = "Airport.Domain", "src\Airport.Domain\Airport.Domain.csproj", "{1923647A-8AF3-4E6B-BF7F-F7D8F019CDC9}"
EndProject
Project("{FAE04EC0-301F-11D3-BF4B-00C04F79EFBC}") = "Airport.Infrastructure", "src\Airport.Infrastructure\Airport.Infrastructure.csproj", "{986F20EA-F280-49C3-BFFF-DBE7710F3E37}"
EndProject
Project("{FAE04EC0-301F-11D3-BF4B-00C04F79EFBC}") = "Airport.Tests", "tests\Airport.Tests\Airport.Tests.csproj", "{79727945-E53A-49E4-89EA-4B2EDAC4D782}"
EndProject
Project("{2150E333-8FDC-42A3-9474-1A3956D46DE8}") = "src", "src", "{FF5DCD4B-84B4-4F7A-BF30-EF2C50ABBB60}"
EndProject
Project("{2150E333-8FDC-42A3-9474-1A3956D46DE8}") = "tests", "tests", "{3E5C40E0-1416-4982-813E-0453E542DA27}"
EndProject
Global
	GlobalSection(SolutionConfigurationPlatforms) = preSolution
		Debug|Any CPU = Debug|Any CPU
		Release|Any CPU = Release|Any CPU
	EndGlobalSection
	GlobalSection(ProjectConfigurationPlatforms) = postSolution
		{21E3A8C3-900E-4EAC-B115-0C7CFD189CFE}.Debug|Any CPU.ActiveCfg = Debug|Any CPU
		{21E3A8C3-900E-4EAC-B115-0C7CFD189CFE}.Debug|Any CPU.Build.0 = Debug|Any CPU
		{21E3A8C3-900E-4EAC-B115-0C7CFD189CFE}.Release|Any CPU.ActiveCfg = Release|Any CPU
		{21E3A8C3-900E-4EAC-B115-0C7CFD189CFE}.Release|Any CPU.Build.0 = Release|Any CPU
		{F3D24458-EA24-4627-8890-2B9C9AA60620}.Debug|Any CPU.ActiveCfg = Debug|Any CPU
		{F3D24458-EA24-4627-8890-2B9C9AA60620}.Debug|Any CPU.Build.0 = Debug|Any CPU
		{F3D24458-EA24-4627-8890-2B9C9AA60620}.Release|Any CPU.ActiveCfg = Release|Any CPU
		{F3D24458-EA24-4627-8890-2B9C9AA60620}.Release|Any CPU.Build.0 = Release|Any CPU
		{C5D760BB-B423-4D55-9196-B0F55E3F0E7D}.Debug|Any CPU.ActiveCfg = Debug|Any CPU
		{C5D760BB-B423-4D55-9196-B0F55E3F0E7D}.Debug|Any CPU.Build.0 = Debug|Any CPU
		{C5D760BB-B423-4D55-9196-B0F55E3F0E7D}.Release|Any CPU.ActiveCfg = Release|Any CPU
		{C5D760BB-B423-4D55-9196-B0F55E3F0E7D}.Release|Any CPU.Build.0 = Release|Any CPU
		{1923647A-8AF3-4E6B-BF7F-F7D8F019CDC9}.Debug|Any CPU.ActiveCfg = Debug|Any CPU
		{1923647A-8AF3-4E6B-BF7F-F7D8F019CDC9}.Debug|Any CPU.Build.0 = Debug|Any CPU
		{1923647A-8AF3-4E6B-BF7F-F7D8F019CDC9}.Release|Any CPU.ActiveCfg = Release|Any CPU
		{1923647A-8AF3-4E6B-BF7F-F7D8F019CDC9}.Release|Any CPU.Build.0 = Release|Any CPU
		{986F20EA-F280-49C3-BFFF-DBE7710F3E37}.Debug|Any CPU.ActiveCfg = Debug|Any CPU
		{986F20EA-F280-49C3-BFFF-DBE7710F3E37}.Debug|Any CPU.Build.0 = Debug|Any CPU
		{986F20EA-F280-49C3-BFFF-DBE7710F3E37}.Release|Any CPU.ActiveCfg = Release|Any CPU
		{986F20EA-F280-49C3-BFFF-DBE7710F3E37}.Release|Any CPU.Build.0 = Release|Any CPU
		{79727945-E53A-49E4-89EA-4B2EDAC4D782}.Debug|Any CPU.ActiveCfg = Debug|Any CPU
		{79727945-E53A-49E4-89EA-4B2EDAC4D782}.Debug|Any CPU.Build.0 = Debug|Any CPU
		{79727945-E53A-49E4-89EA-4B2EDAC4D782}.Release|Any CPU.ActiveCfg = Release|Any CPU
		{79727945-E53A-49E4-89EA-4B2EDAC4D782}.Release|Any CPU.Build.0 = Release|Any CPU
	EndGlobalSection
	GlobalSection(NestedProjects) = preSolution
		{21E3A8C3-900E-4EAC-B115-0C7CFD189CFE} = {FF5DCD4B-84B4-4F7A-BF30-EF2C50ABBB60}
		{F3D24458-EA24-4627-8890-2B9C9AA60620} = {FF5DCD4B-84B4-4F7A-BF30-EF2C50ABBB60}
		{C5D760BB-B423-4D55-9196-B0F55E3F0E7D} = {FF5DCD4B-84B4-4F7A-BF30-EF2C50ABBB60}
		{1923647A-8AF3-4E6B-BF7F-F7D8F019CDC9} = {FF5DCD4B-84B4-4F7A-BF30-EF2C50ABBB60}
		{986F20EA-F280-49C3-BFFF-DBE7710F3E37} = {FF5DCD4B-84B4-4F7A-BF30-EF2C50ABBB60}
		{79727945-E53A-49E4-89EA-4B2EDAC4D782} = {3E5C40E0-1416-4982-813E-0453E542DA27}
	EndGlobalSection
EndGlobal
